lockfileVersion: '6.0'

dependencies:
  left-pad:
    specifier: ^1.3.0
    version: 1.3.0
  ts-adt:
    specifier: github:pfgray/ts-adt
    version: github.com/pfgray/ts-adt/0fc91fc69336783143be08a76e5cb56c3ea3d4d6

packages:

  /left-pad@1.3.0:
    resolution: {integrity: sha512-XI5MPzVNApjAyhQzphX8BkmKsKUxD4LdyK24iZeQGinBN9yTQT3bFlCBy/aVx2HrNcqQGsdot8ghrjyrvMCoEA==}
    deprecated: use String.prototype.padStart()
    dev: false

  github.com/pfgray/ts-adt/0fc91fc69336783143be08a76e5cb56c3ea3d4d6:
    resolution: {tarball: https://codeload.github.com/pfgray/ts-adt/tar.gz/0fc91fc69336783143be08a76e5cb56c3ea3d4d6}
    name: ts-adt
    version: 2.1.2
    dev: false
