lockfileVersion: '6.0'

settings:
  autoInstallPeers: true
  excludeLinksFromLockfile: false

dependencies:
  left-pad:
    specifier: ^1.3.0
    version: 1.3.0
  ts-adt:
    specifier: ^2.1.2
    version: 2.1.2

packages:

  /left-pad@1.3.0:
    resolution: {integrity: sha512-XI5MPzVNApjAyhQzphX8BkmKsKUxD4LdyK24iZeQGinBN9yTQT3bFlCBy/aVx2HrNcqQGsdot8ghrjyrvMCoEA==}
    deprecated: use String.prototype.padStart()
    dev: false

  /ts-adt@2.1.2:
    resolution: {integrity: sha512-UD0lr7eyiBjxogQjb1xMCjF7skrnxGZLNm4iROeU3ky5tJzXN0yQkkS4DfNGfM4RaUGMhgyrzf2wUynqK8AdWQ==}
    dev: false
