{
  "name": "nix",
  "version": "1.0.0",
  "lockfileVersion": 3,
  "requires": true,
  "packages": {
    "": {
      "name": "nix",
      "version": "1.0.0",
      "license": "ISC",
      "dependencies": {
        "@effect/data": "^0.13.3",
        "@effect/io": "^0.31.1"
      },
      "devDependencies": {
        "typescript": "^5.1.6"
      }
    },
    "node_modules/@effect/data": {
      "version": "0.13.3",
      "resolved": "https://registry.npmjs.org/@effect/data/-/data-0.13.3.tgz",
      "integrity": "sha512-hKzt/vVl2yw0OHqLP6ufATDi061mh/RV4iSveTUXLiKmktzCjcC9zd57wqsNqS3JkeF20CQr55f5Se3cNPGYmw=="
    },
    "node_modules/@effect/io": {
      "version": "0.31.1",
      "resolved": "https://registry.npmjs.org/@effect/io/-/io-0.31.1.tgz",
      "integrity": "sha512-fTxrwa7zr9bdGpr1f57UtSFWw9xgjCGIiG5kNuG+PGInJwANXqkTBa9izdcr3OP7mq5IzOtvPIFPIDE8r/ew5w==",
      "dependencies": {
        "@effect/data": "^0.13.0"
      }
    },
    "node_modules/typescript": {
      "version": "5.1.6",
      "resolved": "https://registry.npmjs.org/typescript/-/typescript-5.1.6.tgz",
      "integrity": "sha512-zaWCozRZ6DLEWAWFrVDz1H6FVXzUSfTy5FUMWsQlU8Ym5JP9eO4xkTIROFCQvhQf61z6O/G6ugw3SgAnvvm+HA==",
      "dev": true,
      "bin": {
        "tsc": "bin/tsc",
        "tsserver": "bin/tsserver"
      },
      "engines": {
        "node": ">=14.17"
      }
    }
  }
}
